// !$*UTF8*$!
{
	archiveVersion = 1;
	classes = {
	};
	objectVersion = 50;
	objects = {

/* Begin PBXBuildFile section */
		253AE9B925D502D100B9DCE0 /* AppDelegate.swift in Sources */ = {isa = PBXBuildFile; fileRef = 253AE9B825D502D100B9DCE0 /* AppDelegate.swift */; };
		253AE9BB25D502D100B9DCE0 /* SceneDelegate.swift in Sources */ = {isa = PBXBuildFile; fileRef = 253AE9BA25D502D100B9DCE0 /* SceneDelegate.swift */; };
		253AE9BD25D502D100B9DCE0 /* ViewController.swift in Sources */ = {isa = PBXBuildFile; fileRef = 253AE9BC25D502D100B9DCE0 /* ViewController.swift */; };
		253AE9C025D502D100B9DCE0 /* Main.storyboard in Resources */ = {isa = PBXBuildFile; fileRef = 253AE9BE25D502D100B9DCE0 /* Main.storyboard */; };
		253AE9C225D502D400B9DCE0 /* Assets.xcassets in Resources */ = {isa = PBXBuildFile; fileRef = 253AE9C125D502D400B9DCE0 /* Assets.xcassets */; };
		253AE9C525D502D400B9DCE0 /* LaunchScreen.storyboard in Resources */ = {isa = PBXBuildFile; fileRef = 253AE9C325D502D400B9DCE0 /* LaunchScreen.storyboard */; };
		253AE9D025D502D400B9DCE0 /* flixsterTests.swift in Sources */ = {isa = PBXBuildFile; fileRef = 253AE9CF25D502D400B9DCE0 /* flixsterTests.swift */; };
		253AE9DB25D502D400B9DCE0 /* flixsterUITests.swift in Sources */ = {isa = PBXBuildFile; fileRef = 253AE9DA25D502D400B9DCE0 /* flixsterUITests.swift */; };
/* End PBXBuildFile section */

/* Begin PBXContainerItemProxy section */
		253AE9CC25D502D400B9DCE0 /* PBXContainerItemProxy */ = {
			isa = PBXContainerItemProxy;
			containerPortal = 253AE9AD25D502D100B9DCE0 /* Project object */;
			proxyType = 1;
			remoteGlobalIDString = 253AE9B425D502D100B9DCE0;
			remoteInfo = flixster;
		};
		253AE9D725D502D400B9DCE0 /* PBXContainerItemProxy */ = {
			isa = PBXContainerItemProxy;
			containerPortal = 253AE9AD25D502D100B9DCE0 /* Project object */;
			proxyType = 1;
			remoteGlobalIDString = 253AE9B425D502D100B9DCE0;
			remoteInfo = flixster;
		};
/* End PBXContainerItemProxy section */

/* Begin PBXFileReference section */
		253AE9B525D502D100B9DCE0 /* flixster.app */ = {isa = PBXFileReference; explicitFileType = wrapper.application; includeInIndex = 0; path = flixster.app; sourceTree = BUILT_PRODUCTS_DIR; };
		253AE9B825D502D100B9DCE0 /* AppDelegate.swift */ = {isa = PBXFileReference; lastKnownFileType = sourcecode.swift; path = AppDelegate.swift; sourceTree = "<group>"; };
		253AE9BA25D502D100B9DCE0 /* SceneDelegate.swift */ = {isa = PBXFileReference; lastKnownFileType = sourcecode.swift; path = SceneDelegate.swift; sourceTree = "<group>"; };
		253AE9BC25D502D100B9DCE0 /* ViewController.swift */ = {isa = PBXFileReference; lastKnownFileType = sourcecode.swift; path = ViewController.swift; sourceTree = "<group>"; };
		253AE9BF25D502D100B9DCE0 /* Base */ = {isa = PBXFileReference; lastKnownFileType = file.storyboard; name = Base; path = Base.lproj/Main.storyboard; sourceTree = "<group>"; };
		253AE9C125D502D400B9DCE0 /* Assets.xcassets */ = {isa = PBXFileReference; lastKnownFileType = folder.assetcatalog; path = Assets.xcassets; sourceTree = "<group>"; };
		253AE9C425D502D400B9DCE0 /* Base */ = {isa = PBXFileReference; lastKnownFileType = file.storyboard; name = Base; path = Base.lproj/LaunchScreen.storyboard; sourceTree = "<group>"; };
		253AE9C625D502D400B9DCE0 /* Info.plist */ = {isa = PBXFileReference; lastKnownFileType = text.plist.xml; path = Info.plist; sourceTree = "<group>"; };
		253AE9CB25D502D400B9DCE0 /* flixsterTests.xctest */ = {isa = PBXFileReference; explicitFileType = wrapper.cfbundle; includeInIndex = 0; path = flixsterTests.xctest; sourceTree = BUILT_PRODUCTS_DIR; };
		253AE9CF25D502D400B9DCE0 /* flixsterTests.swift */ = {isa = PBXFileReference; lastKnownFileType = sourcecode.swift; path = flixsterTests.swift; sourceTree = "<group>"; };
		253AE9D125D502D400B9DCE0 /* Info.plist */ = {isa = PBXFileReference; lastKnownFileType = text.plist.xml; path = Info.plist; sourceTree = "<group>"; };
		253AE9D625D502D400B9DCE0 /* flixsterUITests.xctest */ = {isa = PBXFileReference; explicitFileType = wrapper.cfbundle; includeInIndex = 0; path = flixsterUITests.xctest; sourceTree = BUILT_PRODUCTS_DIR; };
		253AE9DA25D502D400B9DCE0 /* flixsterUITests.swift */ = {isa = PBXFileReference; lastKnownFileType = sourcecode.swift; path = flixsterUITests.swift; sourceTree = "<group>"; };
		253AE9DC25D502D400B9DCE0 /* Info.plist */ = {isa = PBXFileReference; lastKnownFileType = text.plist.xml; path = Info.plist; sourceTree = "<group>"; };
/* End PBXFileReference section */

/* Begin PBXFrameworksBuildPhase section */
		253AE9B225D502D100B9DCE0 /* Frameworks */ = {
			isa = PBXFrameworksBuildPhase;
			buildActionMask = 2147483647;
			files = (
			);
			runOnlyForDeploymentPostprocessing = 0;
		};
		253AE9C825D502D400B9DCE0 /* Frameworks */ = {
			isa = PBXFrameworksBuildPhase;
			buildActionMask = 2147483647;
			files = (
			);
			runOnlyForDeploymentPostprocessing = 0;
		};
		253AE9D325D502D400B9DCE0 /* Frameworks */ = {
			isa = PBXFrameworksBuildPhase;
			buildActionMask = 2147483647;
			files = (
			);
			runOnlyForDeploymentPostprocessing = 0;
		};
/* End PBXFrameworksBuildPhase section */

/* Begin PBXGroup section */
		253AE9AC25D502D100B9DCE0 = {
			isa = PBXGroup;
			children = (
				253AE9B725D502D100B9DCE0 /* flixster */,
				253AE9CE25D502D400B9DCE0 /* flixsterTests */,
				253AE9D925D502D400B9DCE0 /* flixsterUITests */,
				253AE9B625D502D100B9DCE0 /* Products */,
			);
			sourceTree = "<group>";
		};
		253AE9B625D502D100B9DCE0 /* Products */ = {
			isa = PBXGroup;
			children = (
				253AE9B525D502D100B9DCE0 /* flixster.app */,
				253AE9CB25D502D400B9DCE0 /* flixsterTests.xctest */,
				253AE9D625D502D400B9DCE0 /* flixsterUITests.xctest */,
			);
			name = Products;
			sourceTree = "<group>";
		};
		253AE9B725D502D100B9DCE0 /* flixster */ = {
			isa = PBXGroup;
			children = (
				253AE9B825D502D100B9DCE0 /* AppDelegate.swift */,
				253AE9BA25D502D100B9DCE0 /* SceneDelegate.swift */,
				253AE9BC25D502D100B9DCE0 /* ViewController.swift */,
				253AE9BE25D502D100B9DCE0 /* Main.storyboard */,
				253AE9C125D502D400B9DCE0 /* Assets.xcassets */,
				253AE9C325D502D400B9DCE0 /* LaunchScreen.storyboard */,
				253AE9C625D502D400B9DCE0 /* Info.plist */,
			);
			path = flixster;
			sourceTree = "<group>";
		};
		253AE9CE25D502D400B9DCE0 /* flixsterTests */ = {
			isa = PBXGroup;
			children = (
				253AE9CF25D502D400B9DCE0 /* flixsterTests.swift */,
				253AE9D125D502D400B9DCE0 /* Info.plist */,
			);
			path = flixsterTests;
			sourceTree = "<group>";
		};
		253AE9D925D502D400B9DCE0 /* flixsterUITests */ = {
			isa = PBXGroup;
			children = (
				253AE9DA25D502D400B9DCE0 /* flixsterUITests.swift */,
				253AE9DC25D502D400B9DCE0 /* Info.plist */,
			);
			path = flixsterUITests;
			sourceTree = "<group>";
		};
/* End PBXGroup section */

/* Begin PBXNativeTarget section */
		253AE9B425D502D100B9DCE0 /* flixster */ = {
			isa = PBXNativeTarget;
			buildConfigurationList = 253AE9DF25D502D400B9DCE0 /* Build configuration list for PBXNativeTarget "flixster" */;
			buildPhases = (
				253AE9B125D502D100B9DCE0 /* Sources */,
				253AE9B225D502D100B9DCE0 /* Frameworks */,
				253AE9B325D502D100B9DCE0 /* Resources */,
			);
			buildRules = (
			);
			dependencies = (
			);
			name = flixster;
			productName = flixster;
			productReference = 253AE9B525D502D100B9DCE0 /* flixster.app */;
			productType = "com.apple.product-type.application";
		};
		253AE9CA25D502D400B9DCE0 /* flixsterTests */ = {
			isa = PBXNativeTarget;
			buildConfigurationList = 253AE9E225D502D400B9DCE0 /* Build configuration list for PBXNativeTarget "flixsterTests" */;
			buildPhases = (
				253AE9C725D502D400B9DCE0 /* Sources */,
				253AE9C825D502D400B9DCE0 /* Frameworks */,
				253AE9C925D502D400B9DCE0 /* Resources */,
			);
			buildRules = (
			);
			dependencies = (
				253AE9CD25D502D400B9DCE0 /* PBXTargetDependency */,
			);
			name = flixsterTests;
			productName = flixsterTests;
			productReference = 253AE9CB25D502D400B9DCE0 /* flixsterTests.xctest */;
			productType = "com.apple.product-type.bundle.unit-test";
		};
		253AE9D525D502D400B9DCE0 /* flixsterUITests */ = {
			isa = PBXNativeTarget;
			buildConfigurationList = 253AE9E525D502D400B9DCE0 /* Build configuration list for PBXNativeTarget "flixsterUITests" */;
			buildPhases = (
				253AE9D225D502D400B9DCE0 /* Sources */,
				253AE9D325D502D400B9DCE0 /* Frameworks */,
				253AE9D425D502D400B9DCE0 /* Resources */,
			);
			buildRules = (
			);
			dependencies = (
				253AE9D825D502D400B9DCE0 /* PBXTargetDependency */,
			);
			name = flixsterUITests;
			productName = flixsterUITests;
			productReference = 253AE9D625D502D400B9DCE0 /* flixsterUITests.xctest */;
			productType = "com.apple.product-type.bundle.ui-testing";
		};
/* End PBXNativeTarget section */

/* Begin PBXProject section */
		253AE9AD25D502D100B9DCE0 /* Project object */ = {
			isa = PBXProject;
			attributes = {
				LastSwiftUpdateCheck = 1240;
				LastUpgradeCheck = 1240;
				TargetAttributes = {
					253AE9B425D502D100B9DCE0 = {
						CreatedOnToolsVersion = 12.4;
					};
					253AE9CA25D502D400B9DCE0 = {
						CreatedOnToolsVersion = 12.4;
						TestTargetID = 253AE9B425D502D100B9DCE0;
					};
					253AE9D525D502D400B9DCE0 = {
						CreatedOnToolsVersion = 12.4;
						TestTargetID = 253AE9B425D502D100B9DCE0;
					};
				};
			};
			buildConfigurationList = 253AE9B025D502D100B9DCE0 /* Build configuration list for PBXProject "flixster" */;
			compatibilityVersion = "Xcode 9.3";
			developmentRegion = en;
			hasScannedForEncodings = 0;
			knownRegions = (
				en,
				Base,
			);
			mainGroup = 253AE9AC25D502D100B9DCE0;
			productRefGroup = 253AE9B625D502D100B9DCE0 /* Products */;
			projectDirPath = "";
			projectRoot = "";
			targets = (
				253AE9B425D502D100B9DCE0 /* flixster */,
				253AE9CA25D502D400B9DCE0 /* flixsterTests */,
				253AE9D525D502D400B9DCE0 /* flixsterUITests */,
			);
		};
/* End PBXProject section */

/* Begin PBXResourcesBuildPhase section */
		253AE9B325D502D100B9DCE0 /* Resources */ = {
			isa = PBXResourcesBuildPhase;
			buildActionMask = 2147483647;
			files = (
				253AE9C525D502D400B9DCE0 /* LaunchScreen.storyboard in Resources */,
				253AE9C225D502D400B9DCE0 /* Assets.xcassets in Resources */,
				253AE9C025D502D100B9DCE0 /* Main.storyboard in Resources */,
			);
			runOnlyForDeploymentPostprocessing = 0;
		};
		253AE9C925D502D400B9DCE0 /* Resources */ = {
			isa = PBXResourcesBuildPhase;
			buildActionMask = 2147483647;
			files = (
			);
			runOnlyForDeploymentPostprocessing = 0;
		};
		253AE9D425D502D400B9DCE0 /* Resources */ = {
			isa = PBXResourcesBuildPhase;
			buildActionMask = 2147483647;
			files = (
			);
			runOnlyForDeploymentPostprocessing = 0;
		};
/* End PBXResourcesBuildPhase section */

/* Begin PBXSourcesBuildPhase section */
		253AE9B125D502D100B9DCE0 /* Sources */ = {
			isa = PBXSourcesBuildPhase;
			buildActionMask = 2147483647;
			files = (
				253AE9BD25D502D100B9DCE0 /* ViewController.swift in Sources */,
				253AE9B925D502D100B9DCE0 /* AppDelegate.swift in Sources */,
				253AE9BB25D502D100B9DCE0 /* SceneDelegate.swift in Sources */,
			);
			runOnlyForDeploymentPostprocessing = 0;
		};
		253AE9C725D502D400B9DCE0 /* Sources */ = {
			isa = PBXSourcesBuildPhase;
			buildActionMask = 2147483647;
			files = (
				253AE9D025D502D400B9DCE0 /* flixsterTests.swift in Sources */,
			);
			runOnlyForDeploymentPostprocessing = 0;
		};
		253AE9D225D502D400B9DCE0 /* Sources */ = {
			isa = PBXSourcesBuildPhase;
			buildActionMask = 2147483647;
			files = (
				253AE9DB25D502D400B9DCE0 /* flixsterUITests.swift in Sources */,
			);
			runOnlyForDeploymentPostprocessing = 0;
		};
/* End PBXSourcesBuildPhase section */

/* Begin PBXTargetDependency section */
		253AE9CD25D502D400B9DCE0 /* PBXTargetDependency */ = {
			isa = PBXTargetDependency;
			target = 253AE9B425D502D100B9DCE0 /* flixster */;
			targetProxy = 253AE9CC25D502D400B9DCE0 /* PBXContainerItemProxy */;
		};
		253AE9D825D502D400B9DCE0 /* PBXTargetDependency */ = {
			isa = PBXTargetDependency;
			target = 253AE9B425D502D100B9DCE0 /* flixster */;
			targetProxy = 253AE9D725D502D400B9DCE0 /* PBXContainerItemProxy */;
		};
/* End PBXTargetDependency section */

/* Begin PBXVariantGroup section */
		253AE9BE25D502D100B9DCE0 /* Main.storyboard */ = {
			isa = PBXVariantGroup;
			children = (
				253AE9BF25D502D100B9DCE0 /* Base */,
			);
			name = Main.storyboard;
			sourceTree = "<group>";
		};
		253AE9C325D502D400B9DCE0 /* LaunchScreen.storyboard */ = {
			isa = PBXVariantGroup;
			children = (
				253AE9C425D502D400B9DCE0 /* Base */,
			);
			name = LaunchScreen.storyboard;
			sourceTree = "<group>";
		};
/* End PBXVariantGroup section */

/* Begin XCBuildConfiguration section */
		253AE9DD25D502D400B9DCE0 /* Debug */ = {
			isa = XCBuildConfiguration;
			buildSettings = {
				ALWAYS_SEARCH_USER_PATHS = NO;
				CLANG_ANALYZER_NONNULL = YES;
				CLANG_ANALYZER_NUMBER_OBJECT_CONVERSION = YES_AGGRESSIVE;
				CLANG_CXX_LANGUAGE_STANDARD = "gnu++14";
				CLANG_CXX_LIBRARY = "libc++";
				CLANG_ENABLE_MODULES = YES;
				CLANG_ENABLE_OBJC_ARC = YES;
				CLANG_ENABLE_OBJC_WEAK = YES;
				CLANG_WARN_BLOCK_CAPTURE_AUTORELEASING = YES;
				CLANG_WARN_BOOL_CONVERSION = YES;
				CLANG_WARN_COMMA = YES;
				CLANG_WARN_CONSTANT_CONVERSION = YES;
				CLANG_WARN_DEPRECATED_OBJC_IMPLEMENTATIONS = YES;
				CLANG_WARN_DIRECT_OBJC_ISA_USAGE = YES_ERROR;
				CLANG_WARN_DOCUMENTATION_COMMENTS = YES;
				CLANG_WARN_EMPTY_BODY = YES;
				CLANG_WARN_ENUM_CONVERSION = YES;
				CLANG_WARN_INFINITE_RECURSION = YES;
				CLANG_WARN_INT_CONVERSION = YES;
				CLANG_WARN_NON_LITERAL_NULL_CONVERSION = YES;
				CLANG_WARN_OBJC_IMPLICIT_RETAIN_SELF = YES;
				CLANG_WARN_OBJC_LITERAL_CONVERSION = YES;
				CLANG_WARN_OBJC_ROOT_CLASS = YES_ERROR;
				CLANG_WARN_QUOTED_INCLUDE_IN_FRAMEWORK_HEADER = YES;
				CLANG_WARN_RANGE_LOOP_ANALYSIS = YES;
				CLANG_WARN_STRICT_PROTOTYPES = YES;
				CLANG_WARN_SUSPICIOUS_MOVE = YES;
				CLANG_WARN_UNGUARDED_AVAILABILITY = YES_AGGRESSIVE;
				CLANG_WARN_UNREACHABLE_CODE = YES;
				CLANG_WARN__DUPLICATE_METHOD_MATCH = YES;
				COPY_PHASE_STRIP = NO;
				DEBUG_INFORMATION_FORMAT = dwarf;
				ENABLE_STRICT_OBJC_MSGSEND = YES;
				ENABLE_TESTABILITY = YES;
				GCC_C_LANGUAGE_STANDARD = gnu11;
				GCC_DYNAMIC_NO_PIC = NO;
				GCC_NO_COMMON_BLOCKS = YES;
				GCC_OPTIMIZATION_LEVEL = 0;
				GCC_PREPROCESSOR_DEFINITIONS = (
					"DEBUG=1",
					"$(inherited)",
				);
				GCC_WARN_64_TO_32_BIT_CONVERSION = YES;
				GCC_WARN_ABOUT_RETURN_TYPE = YES_ERROR;
				GCC_WARN_UNDECLARED_SELECTOR = YES;
				GCC_WARN_UNINITIALIZED_AUTOS = YES_AGGRESSIVE;
				GCC_WARN_UNUSED_FUNCTION = YES;
				GCC_WARN_UNUSED_VARIABLE = YES;
				IPHONEOS_DEPLOYMENT_TARGET = 14.4;
				MTL_ENABLE_DEBUG_INFO = INCLUDE_SOURCE;
				MTL_FAST_MATH = YES;
				ONLY_ACTIVE_ARCH = YES;
				SDKROOT = iphoneos;
				SWIFT_ACTIVE_COMPILATION_CONDITIONS = DEBUG;
				SWIFT_OPTIMIZATION_LEVEL = "-Onone";
			};
			name = Debug;
		};
		253AE9DE25D502D400B9DCE0 /* Release */ = {
			isa = XCBuildConfiguration;
			buildSettings = {
				ALWAYS_SEARCH_USER_PATHS = NO;
				CLANG_ANALYZER_NONNULL = YES;
				CLANG_ANALYZER_NUMBER_OBJECT_CONVERSION = YES_AGGRESSIVE;
				CLANG_CXX_LANGUAGE_STANDARD = "gnu++14";
				CLANG_CXX_LIBRARY = "libc++";
				CLANG_ENABLE_MODULES = YES;
				CLANG_ENABLE_OBJC_ARC = YES;
				CLANG_ENABLE_OBJC_WEAK = YES;
				CLANG_WARN_BLOCK_CAPTURE_AUTORELEASING = YES;
				CLANG_WARN_BOOL_CONVERSION = YES;
				CLANG_WARN_COMMA = YES;
				CLANG_WARN_CONSTANT_CONVERSION = YES;
				CLANG_WARN_DEPRECATED_OBJC_IMPLEMENTATIONS = YES;
				CLANG_WARN_DIRECT_OBJC_ISA_USAGE = YES_ERROR;
				CLANG_WARN_DOCUMENTATION_COMMENTS = YES;
				CLANG_WARN_EMPTY_BODY = YES;
				CLANG_WARN_ENUM_CONVERSION = YES;
				CLANG_WARN_INFINITE_RECURSION = YES;
				CLANG_WARN_INT_CONVERSION = YES;
				CLANG_WARN_NON_LITERAL_NULL_CONVERSION = YES;
				CLANG_WARN_OBJC_IMPLICIT_RETAIN_SELF = YES;
				CLANG_WARN_OBJC_LITERAL_CONVERSION = YES;
				CLANG_WARN_OBJC_ROOT_CLASS = YES_ERROR;
				CLANG_WARN_QUOTED_INCLUDE_IN_FRAMEWORK_HEADER = YES;
				CLANG_WARN_RANGE_LOOP_ANALYSIS = YES;
				CLANG_WARN_STRICT_PROTOTYPES = YES;
				CLANG_WARN_SUSPICIOUS_MOVE = YES;
				CLANG_WARN_UNGUARDED_AVAILABILITY = YES_AGGRESSIVE;
				CLANG_WARN_UNREACHABLE_CODE = YES;
				CLANG_WARN__DUPLICATE_METHOD_MATCH = YES;
				COPY_PHASE_STRIP = NO;
				DEBUG_INFORMATION_FORMAT = "dwarf-with-dsym";
				ENABLE_NS_ASSERTIONS = NO;
				ENABLE_STRICT_OBJC_MSGSEND = YES;
				GCC_C_LANGUAGE_STANDARD = gnu11;
				GCC_NO_COMMON_BLOCKS = YES;
				GCC_WARN_64_TO_32_BIT_CONVERSION = YES;
				GCC_WARN_ABOUT_RETURN_TYPE = YES_ERROR;
				GCC_WARN_UNDECLARED_SELECTOR = YES;
				GCC_WARN_UNINITIALIZED_AUTOS = YES_AGGRESSIVE;
				GCC_WARN_UNUSED_FUNCTION = YES;
				GCC_WARN_UNUSED_VARIABLE = YES;
				IPHONEOS_DEPLOYMENT_TARGET = 14.4;
				MTL_ENABLE_DEBUG_INFO = NO;
				MTL_FAST_MATH = YES;
				SDKROOT = iphoneos;
				SWIFT_COMPILATION_MODE = wholemodule;
				SWIFT_OPTIMIZATION_LEVEL = "-O";
				VALIDATE_PRODUCT = YES;
			};
			name = Release;
		};
		253AE9E025D502D400B9DCE0 /* Debug */ = {
			isa = XCBuildConfiguration;
			buildSettings = {
				ASSETCATALOG_COMPILER_APPICON_NAME = AppIcon;
				ASSETCATALOG_COMPILER_GLOBAL_ACCENT_COLOR_NAME = AccentColor;
				CODE_SIGN_STYLE = Automatic;
				INFOPLIST_FILE = flixster/Info.plist;
				LD_RUNPATH_SEARCH_PATHS = (
					"$(inherited)",
					"@executable_path/Frameworks",
				);
				PRODUCT_BUNDLE_IDENTIFIER = Apple.Inc.flixster;
				PRODUCT_NAME = "$(TARGET_NAME)";
				SWIFT_VERSION = 5.0;
				TARGETED_DEVICE_FAMILY = "1,2";
			};
			name = Debug;
		};
		253AE9E125D502D400B9DCE0 /* Release */ = {
			isa = XCBuildConfiguration;
			buildSettings = {
				ASSETCATALOG_COMPILER_APPICON_NAME = AppIcon;
				ASSETCATALOG_COMPILER_GLOBAL_ACCENT_COLOR_NAME = AccentColor;
				CODE_SIGN_STYLE = Automatic;
				INFOPLIST_FILE = flixster/Info.plist;
				LD_RUNPATH_SEARCH_PATHS = (
					"$(inherited)",
					"@executable_path/Frameworks",
				);
				PRODUCT_BUNDLE_IDENTIFIER = Apple.Inc.flixster;
				PRODUCT_NAME = "$(TARGET_NAME)";
				SWIFT_VERSION = 5.0;
				TARGETED_DEVICE_FAMILY = "1,2";
			};
			name = Release;
		};
		253AE9E325D502D400B9DCE0 /* Debug */ = {
			isa = XCBuildConfiguration;
			buildSettings = {
				ALWAYS_EMBED_SWIFT_STANDARD_LIBRARIES = YES;
				BUNDLE_LOADER = "$(TEST_HOST)";
				CODE_SIGN_STYLE = Automatic;
				INFOPLIST_FILE = flixsterTests/Info.plist;
				IPHONEOS_DEPLOYMENT_TARGET = 14.4;
				LD_RUNPATH_SEARCH_PATHS = (
					"$(inherited)",
					"@executable_path/Frameworks",
					"@loader_path/Frameworks",
				);
				PRODUCT_BUNDLE_IDENTIFIER = Apple.Inc.flixsterTests;
				PRODUCT_NAME = "$(TARGET_NAME)";
				SWIFT_VERSION = 5.0;
				TARGETED_DEVICE_FAMILY = "1,2";
				TEST_HOST = "$(BUILT_PRODUCTS_DIR)/flixster.app/flixster";
			};
			name = Debug;
		};
		253AE9E425D502D400B9DCE0 /* Release */ = {
			isa = XCBuildConfiguration;
			buildSettings = {
				ALWAYS_EMBED_SWIFT_STANDARD_LIBRARIES = YES;
				BUNDLE_LOADER = "$(TEST_HOST)";
				CODE_SIGN_STYLE = Automatic;
				INFOPLIST_FILE = flixsterTests/Info.plist;
				IPHONEOS_DEPLOYMENT_TARGET = 14.4;
				LD_RUNPATH_SEARCH_PATHS = (
					"$(inherited)",
					"@executable_path/Frameworks",
					"@loader_path/Frameworks",
				);
				PRODUCT_BUNDLE_IDENTIFIER = Apple.Inc.flixsterTests;
				PRODUCT_NAME = "$(TARGET_NAME)";
				SWIFT_VERSION = 5.0;
				TARGETED_DEVICE_FAMILY = "1,2";
				TEST_HOST = "$(BUILT_PRODUCTS_DIR)/flixster.app/flixster";
			};
			name = Release;
		};
		253AE9E625D502D400B9DCE0 /* Debug */ = {
			isa = XCBuildConfiguration;
			buildSettings = {
				ALWAYS_EMBED_SWIFT_STANDARD_LIBRARIES = YES;
				CODE_SIGN_STYLE = Automatic;
				INFOPLIST_FILE = flixsterUITests/Info.plist;
				LD_RUNPATH_SEARCH_PATHS = (
					"$(inherited)",
					"@executable_path/Frameworks",
					"@loader_path/Frameworks",
				);
				PRODUCT_BUNDLE_IDENTIFIER = Apple.Inc.flixsterUITests;
				PRODUCT_NAME = "$(TARGET_NAME)";
				SWIFT_VERSION = 5.0;
				TARGETED_DEVICE_FAMILY = "1,2";
				TEST_TARGET_NAME = flixster;
			};
			name = Debug;
		};
		253AE9E725D502D400B9DCE0 /* Release */ = {
			isa = XCBuildConfiguration;
			buildSettings = {
				ALWAYS_EMBED_SWIFT_STANDARD_LIBRARIES = YES;
				CODE_SIGN_STYLE = Automatic;
				INFOPLIST_FILE = flixsterUITests/Info.plist;
				LD_RUNPATH_SEARCH_PATHS = (
					"$(inherited)",
					"@executable_path/Frameworks",
					"@loader_path/Frameworks",
				);
				PRODUCT_BUNDLE_IDENTIFIER = Apple.Inc.flixsterUITests;
				PRODUCT_NAME = "$(TARGET_NAME)";
				SWIFT_VERSION = 5.0;
				TARGETED_DEVICE_FAMILY = "1,2";
				TEST_TARGET_NAME = flixster;
			};
			name = Release;
		};
/* End XCBuildConfiguration section */

/* Begin XCConfigurationList section */
		253AE9B025D502D100B9DCE0 /* Build configuration list for PBXProject "flixster" */ = {
			isa = XCConfigurationList;
			buildConfigurations = (
				253AE9DD25D502D400B9DCE0 /* Debug */,
				253AE9DE25D502D400B9DCE0 /* Release */,
			);
			defaultConfigurationIsVisible = 0;
			defaultConfigurationName = Release;
		};
		253AE9DF25D502D400B9DCE0 /* Build configuration list for PBXNativeTarget "flixster" */ = {
			isa = XCConfigurationList;
			buildConfigurations = (
				253AE9E025D502D400B9DCE0 /* Debug */,
				253AE9E125D502D400B9DCE0 /* Release */,
			);
			defaultConfigurationIsVisible = 0;
			defaultConfigurationName = Release;
		};
		253AE9E225D502D400B9DCE0 /* Build configuration list for PBXNativeTarget "flixsterTests" */ = {
			isa = XCConfigurationList;
			buildConfigurations = (
				253AE9E325D502D400B9DCE0 /* Debug */,
				253AE9E425D502D400B9DCE0 /* Release */,
			);
			defaultConfigurationIsVisible = 0;
			defaultConfigurationName = Release;
		};
		253AE9E525D502D400B9DCE0 /* Build configuration list for PBXNativeTarget "flixsterUITests" */ = {
			isa = XCConfigurationList;
			buildConfigurations = (
				253AE9E625D502D400B9DCE0 /* Debug */,
				253AE9E725D502D400B9DCE0 /* Release */,
			);
			defaultConfigurationIsVisible = 0;
			defaultConfigurationName = Release;
		};
/* End XCConfigurationList section */
	};
	rootObject = 253AE9AD25D502D100B9DCE0 /* Project object */;
}
